
Microsoft Visual Studio Solution File, Format Version 12.00
# Visual Studio Version 16
VisualStudioVersion = 16.0.33130.400
MinimumVisualStudioVersion = 10.0.40219.1
Project("{FAE04EC0-301F-11D3-BF4B-00C04F79EFBC}") = "ShapeAreaGenerator", "ShapeAreaGenerator\ShapeAreaGenerator.csproj", "{ED49BBB1-194F-4919-BC2D-F4AE26127E31}"
EndProject
Project("{FAE04EC0-301F-11D3-BF4B-00C04F79EFBC}") = "ShapeAreaGenerator.Tests", "ShapeAreaGenerator.Tests\ShapeAreaGenerator.Tests.csproj", "{8F5F93B9-7888-4538-94BD-D784897D7726}"
EndProject
Global
	GlobalSection(SolutionConfigurationPlatforms) = preSolution
		Debug|Any CPU = Debug|Any CPU
		Release|Any CPU = Release|Any CPU
	EndGlobalSection
	GlobalSection(ProjectConfigurationPlatforms) = postSolution
		{ED49BBB1-194F-4919-BC2D-F4AE26127E31}.Debug|Any CPU.ActiveCfg = Debug|Any CPU
		{ED49BBB1-194F-4919-BC2D-F4AE26127E31}.Debug|Any CPU.Build.0 = Debug|Any CPU
		{ED49BBB1-194F-4919-BC2D-F4AE26127E31}.Release|Any CPU.ActiveCfg = Release|Any CPU
		{ED49BBB1-194F-4919-BC2D-F4AE26127E31}.Release|Any CPU.Build.0 = Release|Any CPU
		{8F5F93B9-7888-4538-94BD-D784897D7726}.Debug|Any CPU.ActiveCfg = Debug|Any CPU
		{8F5F93B9-7888-4538-94BD-D784897D7726}.Debug|Any CPU.Build.0 = Debug|Any CPU
		{8F5F93B9-7888-4538-94BD-D784897D7726}.Release|Any CPU.ActiveCfg = Release|Any CPU
		{8F5F93B9-7888-4538-94BD-D784897D7726}.Release|Any CPU.Build.0 = Release|Any CPU
	EndGlobalSection
	GlobalSection(SolutionProperties) = preSolution
		HideSolutionNode = FALSE
	EndGlobalSection
	GlobalSection(ExtensibilityGlobals) = postSolution
		SolutionGuid = {FB08C03F-1DF7-4743-85CB-1FC6918D66AB}
	EndGlobalSection
EndGlobal
